
Microsoft Visual Studio Solution File, Format Version 12.00
# Visual Studio Version 17
VisualStudioVersion = 17.10.35122.118
MinimumVisualStudioVersion = 10.0.40219.1
Project("{FAE04EC0-301F-11D3-BF4B-00C04F79EFBC}") = "evfolyamzh", "evfolyamzh.csproj", "{B42A9FD7-8905-42F7-9F6E-9EB2B7FA3DBC}"
EndProject
Global
	GlobalSection(SolutionConfigurationPlatforms) = preSolution
		Debug|Any CPU = Debug|Any CPU
		Release|Any CPU = Release|Any CPU
	EndGlobalSection
	GlobalSection(ProjectConfigurationPlatforms) = postSolution
		{B42A9FD7-8905-42F7-9F6E-9EB2B7FA3DBC}.Debug|Any CPU.ActiveCfg = Debug|Any CPU
		{B42A9FD7-8905-42F7-9F6E-9EB2B7FA3DBC}.Debug|Any CPU.Build.0 = Debug|Any CPU
		{B42A9FD7-8905-42F7-9F6E-9EB2B7FA3DBC}.Release|Any CPU.ActiveCfg = Release|Any CPU
		{B42A9FD7-8905-42F7-9F6E-9EB2B7FA3DBC}.Release|Any CPU.Build.0 = Release|Any CPU
	EndGlobalSection
	GlobalSection(SolutionProperties) = preSolution
		HideSolutionNode = FALSE
	EndGlobalSection
	GlobalSection(ExtensibilityGlobals) = postSolution
		SolutionGuid = {6E0620C3-07E9-4AF1-85A3-3567206E911B}
	EndGlobalSection
EndGlobal
