
Microsoft Visual Studio Solution File, Format Version 12.00
# Visual Studio Version 17
VisualStudioVersion = 17.3.32819.101
MinimumVisualStudioVersion = 10.0.40219.1
Project("{FAE04EC0-301F-11D3-BF4B-00C04F79EFBC}") = "ImageDownloader", "ImageDownloader.csproj", "{8814C3DF-2AE5-45B9-82F2-86C695651CF8}"
EndProject
Global
	GlobalSection(SolutionConfigurationPlatforms) = preSolution
		Debug|Any CPU = Debug|Any CPU
		Release|Any CPU = Release|Any CPU
	EndGlobalSection
	GlobalSection(ProjectConfigurationPlatforms) = postSolution
		{8814C3DF-2AE5-45B9-82F2-86C695651CF8}.Debug|Any CPU.ActiveCfg = Debug|Any CPU
		{8814C3DF-2AE5-45B9-82F2-86C695651CF8}.Debug|Any CPU.Build.0 = Debug|Any CPU
		{8814C3DF-2AE5-45B9-82F2-86C695651CF8}.Release|Any CPU.ActiveCfg = Release|Any CPU
		{8814C3DF-2AE5-45B9-82F2-86C695651CF8}.Release|Any CPU.Build.0 = Release|Any CPU
	EndGlobalSection
	GlobalSection(SolutionProperties) = preSolution
		HideSolutionNode = FALSE
	EndGlobalSection
	GlobalSection(ExtensibilityGlobals) = postSolution
		SolutionGuid = {0A7AC350-A80E-4D61-83D7-5BCA1439BDA5}
	EndGlobalSection
EndGlobal
