
Microsoft Visual Studio Solution File, Format Version 12.00
# Visual Studio Version 17
VisualStudioVersion = 17.13.35818.85 d17.13
MinimumVisualStudioVersion = 10.0.40219.1
Project("{FAE04EC0-301F-11D3-BF4B-00C04F79EFBC}") = "Vizvezetek", "Vizvezetek.csproj", "{68BDC73A-8A08-4E32-A351-6609F13208B7}"
EndProject
Global
	GlobalSection(SolutionConfigurationPlatforms) = preSolution
		Debug|Any CPU = Debug|Any CPU
		Release|Any CPU = Release|Any CPU
	EndGlobalSection
	GlobalSection(ProjectConfigurationPlatforms) = postSolution
		{68BDC73A-8A08-4E32-A351-6609F13208B7}.Debug|Any CPU.ActiveCfg = Debug|Any CPU
		{68BDC73A-8A08-4E32-A351-6609F13208B7}.Debug|Any CPU.Build.0 = Debug|Any CPU
		{68BDC73A-8A08-4E32-A351-6609F13208B7}.Release|Any CPU.ActiveCfg = Release|Any CPU
		{68BDC73A-8A08-4E32-A351-6609F13208B7}.Release|Any CPU.Build.0 = Release|Any CPU
	EndGlobalSection
	GlobalSection(SolutionProperties) = preSolution
		HideSolutionNode = FALSE
	EndGlobalSection
	GlobalSection(ExtensibilityGlobals) = postSolution
		SolutionGuid = {6D3EB54D-80F5-4736-B4B7-62869DEF3A76}
	EndGlobalSection
EndGlobal
