
Microsoft Visual Studio Solution File, Format Version 12.00
# Visual Studio Version 17
VisualStudioVersion = 17.13.35818.85 d17.13
MinimumVisualStudioVersion = 10.0.40219.1
Project("{FAE04EC0-301F-11D3-BF4B-00C04F79EFBC}") = "Dama_WPF", "Dama_WPF.csproj", "{A8A53AD1-EBFF-457E-9C90-75B65527CCE4}"
EndProject
Global
	GlobalSection(SolutionConfigurationPlatforms) = preSolution
		Debug|Any CPU = Debug|Any CPU
		Release|Any CPU = Release|Any CPU
	EndGlobalSection
	GlobalSection(ProjectConfigurationPlatforms) = postSolution
		{A8A53AD1-EBFF-457E-9C90-75B65527CCE4}.Debug|Any CPU.ActiveCfg = Debug|Any CPU
		{A8A53AD1-EBFF-457E-9C90-75B65527CCE4}.Debug|Any CPU.Build.0 = Debug|Any CPU
		{A8A53AD1-EBFF-457E-9C90-75B65527CCE4}.Release|Any CPU.ActiveCfg = Release|Any CPU
		{A8A53AD1-EBFF-457E-9C90-75B65527CCE4}.Release|Any CPU.Build.0 = Release|Any CPU
	EndGlobalSection
	GlobalSection(SolutionProperties) = preSolution
		HideSolutionNode = FALSE
	EndGlobalSection
	GlobalSection(ExtensibilityGlobals) = postSolution
		SolutionGuid = {9164BFD2-B464-4C5E-B4F7-81E1C89393CC}
	EndGlobalSection
EndGlobal
