
Microsoft Visual Studio Solution File, Format Version 12.00
# Visual Studio Version 17
VisualStudioVersion = 17.13.35818.85
MinimumVisualStudioVersion = 10.0.40219.1
Project("{FAE04EC0-301F-11D3-BF4B-00C04F79EFBC}") = "applications", "applications.csproj", "{DCB19C8E-9D47-4EF6-9D9D-6E79652F8D8B}"
EndProject
Project("{FAE04EC0-301F-11D3-BF4B-00C04F79EFBC}") = "Gombvadaszat", "..\Gombvadaszat\Gombvadaszat.csproj", "{144A4220-05AE-44EC-B5D0-E93B8CCB1AC2}"
EndProject
Project("{FAE04EC0-301F-11D3-BF4B-00C04F79EFBC}") = "Digital_clock", "..\Digital_clock\Digital_clock.csproj", "{35A5C394-D098-4B2E-8B96-2A5194679C67}"
EndProject
Global
	GlobalSection(SolutionConfigurationPlatforms) = preSolution
		Debug|Any CPU = Debug|Any CPU
		Release|Any CPU = Release|Any CPU
	EndGlobalSection
	GlobalSection(ProjectConfigurationPlatforms) = postSolution
		{DCB19C8E-9D47-4EF6-9D9D-6E79652F8D8B}.Debug|Any CPU.ActiveCfg = Debug|Any CPU
		{DCB19C8E-9D47-4EF6-9D9D-6E79652F8D8B}.Debug|Any CPU.Build.0 = Debug|Any CPU
		{DCB19C8E-9D47-4EF6-9D9D-6E79652F8D8B}.Release|Any CPU.ActiveCfg = Release|Any CPU
		{DCB19C8E-9D47-4EF6-9D9D-6E79652F8D8B}.Release|Any CPU.Build.0 = Release|Any CPU
		{144A4220-05AE-44EC-B5D0-E93B8CCB1AC2}.Debug|Any CPU.ActiveCfg = Debug|Any CPU
		{144A4220-05AE-44EC-B5D0-E93B8CCB1AC2}.Debug|Any CPU.Build.0 = Debug|Any CPU
		{144A4220-05AE-44EC-B5D0-E93B8CCB1AC2}.Release|Any CPU.ActiveCfg = Release|Any CPU
		{144A4220-05AE-44EC-B5D0-E93B8CCB1AC2}.Release|Any CPU.Build.0 = Release|Any CPU
		{35A5C394-D098-4B2E-8B96-2A5194679C67}.Debug|Any CPU.ActiveCfg = Debug|Any CPU
		{35A5C394-D098-4B2E-8B96-2A5194679C67}.Debug|Any CPU.Build.0 = Debug|Any CPU
		{35A5C394-D098-4B2E-8B96-2A5194679C67}.Release|Any CPU.ActiveCfg = Release|Any CPU
		{35A5C394-D098-4B2E-8B96-2A5194679C67}.Release|Any CPU.Build.0 = Release|Any CPU
	EndGlobalSection
	GlobalSection(SolutionProperties) = preSolution
		HideSolutionNode = FALSE
	EndGlobalSection
	GlobalSection(ExtensibilityGlobals) = postSolution
		SolutionGuid = {EA696927-66CE-4C21-A907-9B5A9C9E5138}
	EndGlobalSection
EndGlobal
