
Microsoft Visual Studio Solution File, Format Version 12.00
# Visual Studio Version 17
VisualStudioVersion = 17.13.35818.85 d17.13
MinimumVisualStudioVersion = 10.0.40219.1
Project("{FAE04EC0-301F-11D3-BF4B-00C04F79EFBC}") = "mintaZh_Loavas_Avalonia", "mintaZh_Loavas_Avalonia.csproj", "{FD2C40E3-351C-A4B4-4EC3-C2DCA95DF35A}"
EndProject
Project("{FAE04EC0-301F-11D3-BF4B-00C04F79EFBC}") = "mintaZh_Loavas_Avalonia.Desktop", "..\mintaZh_Loavas_Avalonia.Desktop\mintaZh_Loavas_Avalonia.Desktop.csproj", "{EF10CA93-4499-2E3B-D397-1317A3ABE30A}"
EndProject
Global
	GlobalSection(SolutionConfigurationPlatforms) = preSolution
		Debug|Any CPU = Debug|Any CPU
		Release|Any CPU = Release|Any CPU
	EndGlobalSection
	GlobalSection(ProjectConfigurationPlatforms) = postSolution
		{FD2C40E3-351C-A4B4-4EC3-C2DCA95DF35A}.Debug|Any CPU.ActiveCfg = Debug|Any CPU
		{FD2C40E3-351C-A4B4-4EC3-C2DCA95DF35A}.Debug|Any CPU.Build.0 = Debug|Any CPU
		{FD2C40E3-351C-A4B4-4EC3-C2DCA95DF35A}.Release|Any CPU.ActiveCfg = Release|Any CPU
		{FD2C40E3-351C-A4B4-4EC3-C2DCA95DF35A}.Release|Any CPU.Build.0 = Release|Any CPU
		{EF10CA93-4499-2E3B-D397-1317A3ABE30A}.Debug|Any CPU.ActiveCfg = Debug|Any CPU
		{EF10CA93-4499-2E3B-D397-1317A3ABE30A}.Debug|Any CPU.Build.0 = Debug|Any CPU
		{EF10CA93-4499-2E3B-D397-1317A3ABE30A}.Release|Any CPU.ActiveCfg = Release|Any CPU
		{EF10CA93-4499-2E3B-D397-1317A3ABE30A}.Release|Any CPU.Build.0 = Release|Any CPU
	EndGlobalSection
	GlobalSection(SolutionProperties) = preSolution
		HideSolutionNode = FALSE
	EndGlobalSection
	GlobalSection(ExtensibilityGlobals) = postSolution
		SolutionGuid = {7C93A186-1132-4D78-8D9F-B4C854946678}
	EndGlobalSection
EndGlobal
