
Microsoft Visual Studio Solution File, Format Version 12.00
# Visual Studio Version 17
VisualStudioVersion = 17.10.35122.118
MinimumVisualStudioVersion = 10.0.40219.1
Project("{FAE04EC0-301F-11D3-BF4B-00C04F79EFBC}") = "kezilabda", "kezilabda.csproj", "{A9D4AB58-57EF-44C5-9A8C-E0031239CED5}"
EndProject
Global
	GlobalSection(SolutionConfigurationPlatforms) = preSolution
		Debug|Any CPU = Debug|Any CPU
		Release|Any CPU = Release|Any CPU
	EndGlobalSection
	GlobalSection(ProjectConfigurationPlatforms) = postSolution
		{A9D4AB58-57EF-44C5-9A8C-E0031239CED5}.Debug|Any CPU.ActiveCfg = Debug|Any CPU
		{A9D4AB58-57EF-44C5-9A8C-E0031239CED5}.Debug|Any CPU.Build.0 = Debug|Any CPU
		{A9D4AB58-57EF-44C5-9A8C-E0031239CED5}.Release|Any CPU.ActiveCfg = Release|Any CPU
		{A9D4AB58-57EF-44C5-9A8C-E0031239CED5}.Release|Any CPU.Build.0 = Release|Any CPU
	EndGlobalSection
	GlobalSection(SolutionProperties) = preSolution
		HideSolutionNode = FALSE
	EndGlobalSection
	GlobalSection(ExtensibilityGlobals) = postSolution
		SolutionGuid = {F393E7F7-E94D-44E3-A704-85F190214B28}
	EndGlobalSection
EndGlobal
