
Microsoft Visual Studio Solution File, Format Version 12.00
# Visual Studio Version 17
VisualStudioVersion = 17.13.35818.85 d17.13
MinimumVisualStudioVersion = 10.0.40219.1
Project("{FAE04EC0-301F-11D3-BF4B-00C04F79EFBC}") = "mintaZh_Valasztas_WinForms", "mintaZh_Valasztas_WinForms.csproj", "{D17AB694-671B-436A-B1FA-25FAA45FEC27}"
EndProject
Global
	GlobalSection(SolutionConfigurationPlatforms) = preSolution
		Debug|Any CPU = Debug|Any CPU
		Release|Any CPU = Release|Any CPU
	EndGlobalSection
	GlobalSection(ProjectConfigurationPlatforms) = postSolution
		{D17AB694-671B-436A-B1FA-25FAA45FEC27}.Debug|Any CPU.ActiveCfg = Debug|Any CPU
		{D17AB694-671B-436A-B1FA-25FAA45FEC27}.Debug|Any CPU.Build.0 = Debug|Any CPU
		{D17AB694-671B-436A-B1FA-25FAA45FEC27}.Release|Any CPU.ActiveCfg = Release|Any CPU
		{D17AB694-671B-436A-B1FA-25FAA45FEC27}.Release|Any CPU.Build.0 = Release|Any CPU
	EndGlobalSection
	GlobalSection(SolutionProperties) = preSolution
		HideSolutionNode = FALSE
	EndGlobalSection
	GlobalSection(ExtensibilityGlobals) = postSolution
		SolutionGuid = {2FAD5DCE-35E5-4FC7-9FB3-A57004A07AD3}
	EndGlobalSection
EndGlobal
