
Microsoft Visual Studio Solution File, Format Version 12.00
# Visual Studio Version 17
VisualStudioVersion = 17.7.34024.191
MinimumVisualStudioVersion = 10.0.40219.1
Project("{FAE04EC0-301F-11D3-BF4B-00C04F79EFBC}") = "PingPongGame.Model", "PingPongGame.Model\PingPongGame.Model.csproj", "{990F527B-5801-4675-A882-A6411A7FF5C0}"
EndProject
Project("{FAE04EC0-301F-11D3-BF4B-00C04F79EFBC}") = "PingPongGame", "PingPongGame\PingPongGame.csproj", "{35B7DBAF-D38A-4F14-8792-77DDC8891C6A}"
EndProject
Global
	GlobalSection(SolutionConfigurationPlatforms) = preSolution
		Debug|Any CPU = Debug|Any CPU
		Release|Any CPU = Release|Any CPU
	EndGlobalSection
	GlobalSection(ProjectConfigurationPlatforms) = postSolution
		{033BEE94-A988-43DC-AD74-E898158ECD12}.Debug|Any CPU.ActiveCfg = Debug|Any CPU
		{033BEE94-A988-43DC-AD74-E898158ECD12}.Debug|Any CPU.Build.0 = Debug|Any CPU
		{033BEE94-A988-43DC-AD74-E898158ECD12}.Release|Any CPU.ActiveCfg = Release|Any CPU
		{033BEE94-A988-43DC-AD74-E898158ECD12}.Release|Any CPU.Build.0 = Release|Any CPU
		{990F527B-5801-4675-A882-A6411A7FF5C0}.Debug|Any CPU.ActiveCfg = Debug|Any CPU
		{990F527B-5801-4675-A882-A6411A7FF5C0}.Debug|Any CPU.Build.0 = Debug|Any CPU
		{990F527B-5801-4675-A882-A6411A7FF5C0}.Release|Any CPU.ActiveCfg = Release|Any CPU
		{990F527B-5801-4675-A882-A6411A7FF5C0}.Release|Any CPU.Build.0 = Release|Any CPU
		{35B7DBAF-D38A-4F14-8792-77DDC8891C6A}.Debug|Any CPU.ActiveCfg = Debug|Any CPU
		{35B7DBAF-D38A-4F14-8792-77DDC8891C6A}.Debug|Any CPU.Build.0 = Debug|Any CPU
		{35B7DBAF-D38A-4F14-8792-77DDC8891C6A}.Release|Any CPU.ActiveCfg = Release|Any CPU
		{35B7DBAF-D38A-4F14-8792-77DDC8891C6A}.Release|Any CPU.Build.0 = Release|Any CPU
	EndGlobalSection
	GlobalSection(SolutionProperties) = preSolution
		HideSolutionNode = FALSE
	EndGlobalSection
	GlobalSection(ExtensibilityGlobals) = postSolution
		SolutionGuid = {A71FD2E1-4209-4471-8425-3E8F114097FB}
	EndGlobalSection
EndGlobal
