Microsoft Visual Studio Solution File, Format Version 12.00
# Visual Studio Version 17
VisualStudioVersion = 17.13.35806.99
MinimumVisualStudioVersion = 10.0.40219.1
Project("{FAE04EC0-301F-11D3-BF4B-00C04F79EFBC}") = "Parking", "Parking.csproj", "{9B5611AE-6938-4E0E-8A38-0CAE11EE8D33}"
EndProject
Global
	GlobalSection(SolutionConfigurationPlatforms) = preSolution
		Debug|Any CPU = Debug|Any CPU
		Release|Any CPU = Release|Any CPU
	EndGlobalSection
	GlobalSection(ProjectConfigurationPlatforms) = postSolution
		{9B5611AE-6938-4E0E-8A38-0CAE11EE8D33}.Debug|Any CPU.ActiveCfg = Debug|Any CPU
		{9B5611AE-6938-4E0E-8A38-0CAE11EE8D33}.Debug|Any CPU.Build.0 = Debug|Any CPU
		{9B5611AE-6938-4E0E-8A38-0CAE11EE8D33}.Release|Any CPU.ActiveCfg = Release|Any CPU
		{9B5611AE-6938-4E0E-8A38-0CAE11EE8D33}.Release|Any CPU.Build.0 = Release|Any CPU
	EndGlobalSection
	GlobalSection(SolutionProperties) = preSolution
		HideSolutionNode = FALSE
	EndGlobalSection
	GlobalSection(ExtensibilityGlobals) = postSolution
		SolutionGuid = {6198642D-758F-45F6-B48B-2CFC9F56241B}
	EndGlobalSection
EndGlobal
