
Microsoft Visual Studio Solution File, Format Version 12.00
# Visual Studio Version 17
VisualStudioVersion = 17.13.35818.85
MinimumVisualStudioVersion = 10.0.40219.1
Project("{FAE04EC0-301F-11D3-BF4B-00C04F79EFBC}") = "Malom.Avalonia", "Malom.Avalonia.csproj", "{6B613663-1C57-32C4-7AFB-ECDE43E03D8D}"
EndProject
Project("{FAE04EC0-301F-11D3-BF4B-00C04F79EFBC}") = "Malom.Avalonia.Desktop", "..\Malom.Avalonia.Desktop\Malom.Avalonia.Desktop.csproj", "{E01D40C4-3409-5CB9-8938-F1330E940D57}"
EndProject
Project("{FAE04EC0-301F-11D3-BF4B-00C04F79EFBC}") = "Malom", "..\Malom\Malom.csproj", "{3313C8CC-E72A-4FA4-8DFE-0E285F38C5E1}"
EndProject
Project("{FAE04EC0-301F-11D3-BF4B-00C04F79EFBC}") = "Malom.Test", "..\Malom.Test\Malom.Test.csproj", "{00AA4EF5-FCCE-4CDA-A1A8-E2215A590A16}"
EndProject
Global
	GlobalSection(SolutionConfigurationPlatforms) = preSolution
		Debug|Any CPU = Debug|Any CPU
		Release|Any CPU = Release|Any CPU
	EndGlobalSection
	GlobalSection(ProjectConfigurationPlatforms) = postSolution
		{6B613663-1C57-32C4-7AFB-ECDE43E03D8D}.Debug|Any CPU.ActiveCfg = Debug|Any CPU
		{6B613663-1C57-32C4-7AFB-ECDE43E03D8D}.Debug|Any CPU.Build.0 = Debug|Any CPU
		{6B613663-1C57-32C4-7AFB-ECDE43E03D8D}.Release|Any CPU.ActiveCfg = Release|Any CPU
		{6B613663-1C57-32C4-7AFB-ECDE43E03D8D}.Release|Any CPU.Build.0 = Release|Any CPU
		{E01D40C4-3409-5CB9-8938-F1330E940D57}.Debug|Any CPU.ActiveCfg = Debug|Any CPU
		{E01D40C4-3409-5CB9-8938-F1330E940D57}.Debug|Any CPU.Build.0 = Debug|Any CPU
		{E01D40C4-3409-5CB9-8938-F1330E940D57}.Release|Any CPU.ActiveCfg = Release|Any CPU
		{E01D40C4-3409-5CB9-8938-F1330E940D57}.Release|Any CPU.Build.0 = Release|Any CPU
		{3313C8CC-E72A-4FA4-8DFE-0E285F38C5E1}.Debug|Any CPU.ActiveCfg = Debug|Any CPU
		{3313C8CC-E72A-4FA4-8DFE-0E285F38C5E1}.Debug|Any CPU.Build.0 = Debug|Any CPU
		{3313C8CC-E72A-4FA4-8DFE-0E285F38C5E1}.Release|Any CPU.ActiveCfg = Release|Any CPU
		{3313C8CC-E72A-4FA4-8DFE-0E285F38C5E1}.Release|Any CPU.Build.0 = Release|Any CPU
		{00AA4EF5-FCCE-4CDA-A1A8-E2215A590A16}.Debug|Any CPU.ActiveCfg = Debug|Any CPU
		{00AA4EF5-FCCE-4CDA-A1A8-E2215A590A16}.Debug|Any CPU.Build.0 = Debug|Any CPU
		{00AA4EF5-FCCE-4CDA-A1A8-E2215A590A16}.Release|Any CPU.ActiveCfg = Release|Any CPU
		{00AA4EF5-FCCE-4CDA-A1A8-E2215A590A16}.Release|Any CPU.Build.0 = Release|Any CPU
	EndGlobalSection
	GlobalSection(SolutionProperties) = preSolution
		HideSolutionNode = FALSE
	EndGlobalSection
	GlobalSection(ExtensibilityGlobals) = postSolution
		SolutionGuid = {4596FF14-C4BD-4C7C-B9A9-4D5A4E85E721}
	EndGlobalSection
EndGlobal
