
Microsoft Visual Studio Solution File, Format Version 12.00
# Visual Studio Version 17
VisualStudioVersion = 17.11.35222.181
MinimumVisualStudioVersion = 10.0.40219.1
Project("{FAE04EC0-301F-11D3-BF4B-00C04F79EFBC}") = "esosnap", "esosnap.csproj", "{2A39DC85-B4E0-4B66-95E4-08A2D6024A80}"
EndProject
Global
	GlobalSection(SolutionConfigurationPlatforms) = preSolution
		Debug|Any CPU = Debug|Any CPU
		Release|Any CPU = Release|Any CPU
	EndGlobalSection
	GlobalSection(ProjectConfigurationPlatforms) = postSolution
		{2A39DC85-B4E0-4B66-95E4-08A2D6024A80}.Debug|Any CPU.ActiveCfg = Debug|Any CPU
		{2A39DC85-B4E0-4B66-95E4-08A2D6024A80}.Debug|Any CPU.Build.0 = Debug|Any CPU
		{2A39DC85-B4E0-4B66-95E4-08A2D6024A80}.Release|Any CPU.ActiveCfg = Release|Any CPU
		{2A39DC85-B4E0-4B66-95E4-08A2D6024A80}.Release|Any CPU.Build.0 = Release|Any CPU
	EndGlobalSection
	GlobalSection(SolutionProperties) = preSolution
		HideSolutionNode = FALSE
	EndGlobalSection
	GlobalSection(ExtensibilityGlobals) = postSolution
		SolutionGuid = {87E79303-9C35-4C3F-B981-4FE9B5F628B5}
	EndGlobalSection
EndGlobal
