
Microsoft Visual Studio Solution File, Format Version 12.00
# Visual Studio Version 17
VisualStudioVersion = 17.10.35122.118
MinimumVisualStudioVersion = 10.0.40219.1
Project("{FAE04EC0-301F-11D3-BF4B-00C04F79EFBC}") = "nkissebb_tokeletes", "nkissebb_tokeletes.csproj", "{12337559-866B-4309-9617-DAF0F2A8A1BA}"
EndProject
Global
	GlobalSection(SolutionConfigurationPlatforms) = preSolution
		Debug|Any CPU = Debug|Any CPU
		Release|Any CPU = Release|Any CPU
	EndGlobalSection
	GlobalSection(ProjectConfigurationPlatforms) = postSolution
		{12337559-866B-4309-9617-DAF0F2A8A1BA}.Debug|Any CPU.ActiveCfg = Debug|Any CPU
		{12337559-866B-4309-9617-DAF0F2A8A1BA}.Debug|Any CPU.Build.0 = Debug|Any CPU
		{12337559-866B-4309-9617-DAF0F2A8A1BA}.Release|Any CPU.ActiveCfg = Release|Any CPU
		{12337559-866B-4309-9617-DAF0F2A8A1BA}.Release|Any CPU.Build.0 = Release|Any CPU
	EndGlobalSection
	GlobalSection(SolutionProperties) = preSolution
		HideSolutionNode = FALSE
	EndGlobalSection
	GlobalSection(ExtensibilityGlobals) = postSolution
		SolutionGuid = {96366078-F2B7-4D77-A8BE-DA1B680ACEF7}
	EndGlobalSection
EndGlobal
