
Microsoft Visual Studio Solution File, Format Version 12.00
# Visual Studio Version 17
VisualStudioVersion = 17.11.35303.130
MinimumVisualStudioVersion = 10.0.40219.1
Project("{FAE04EC0-301F-11D3-BF4B-00C04F79EFBC}") = "Notebook", "Notebook.csproj", "{A5C5C9C3-6C2B-4EDB-9DE1-C8FA0AB963EC}"
EndProject
Global
	GlobalSection(SolutionConfigurationPlatforms) = preSolution
		Debug|Any CPU = Debug|Any CPU
		Release|Any CPU = Release|Any CPU
	EndGlobalSection
	GlobalSection(ProjectConfigurationPlatforms) = postSolution
		{A5C5C9C3-6C2B-4EDB-9DE1-C8FA0AB963EC}.Debug|Any CPU.ActiveCfg = Debug|Any CPU
		{A5C5C9C3-6C2B-4EDB-9DE1-C8FA0AB963EC}.Debug|Any CPU.Build.0 = Debug|Any CPU
		{A5C5C9C3-6C2B-4EDB-9DE1-C8FA0AB963EC}.Release|Any CPU.ActiveCfg = Release|Any CPU
		{A5C5C9C3-6C2B-4EDB-9DE1-C8FA0AB963EC}.Release|Any CPU.Build.0 = Release|Any CPU
	EndGlobalSection
	GlobalSection(SolutionProperties) = preSolution
		HideSolutionNode = FALSE
	EndGlobalSection
	GlobalSection(ExtensibilityGlobals) = postSolution
		SolutionGuid = {DBAF7B7C-4F58-4642-A312-E3A413B86A98}
	EndGlobalSection
EndGlobal
